// !$*UTF8*$!
{
	archiveVersion = 1;
	classes = {
	};
	objectVersion = 56;
	objects = {

/* Begin PBXBuildFile section */
		1E951EB02C460E5E00B74666 /* AppDelegate.swift in Sources */ = {isa = PBXBuildFile; fileRef = 1E951EAF2C460E5E00B74666 /* AppDelegate.swift */; };
		1E951EB22C460E5E00B74666 /* SceneDelegate.swift in Sources */ = {isa = PBXBuildFile; fileRef = 1E951EB12C460E5E00B74666 /* SceneDelegate.swift */; };
		1E951EB42C460E5E00B74666 /* ViewController.swift in Sources */ = {isa = PBXBuildFile; fileRef = 1E951EB32C460E5E00B74666 /* ViewController.swift */; };
		1E951EB72C460E5E00B74666 /* Base in Resources */ = {isa = PBXBuildFile; fileRef = 1E951EB62C460E5E00B74666 /* Base */; };
		1E951EB92C460E6000B74666 /* Assets.xcassets in Resources */ = {isa = PBXBuildFile; fileRef = 1E951EB82C460E6000B74666 /* Assets.xcassets */; };
		1E951EBC2C460E6000B74666 /* Base in Resources */ = {isa = PBXBuildFile; fileRef = 1E951EBB2C460E6000B74666 /* Base */; };
		1E951EC72C460E6000B74666 /* AuthenticationTestAppTests.swift in Sources */ = {isa = PBXBuildFile; fileRef = 1E951EC62C460E6000B74666 /* AuthenticationTestAppTests.swift */; };
		1E951ED12C460E6000B74666 /* AuthenticationTestAppUITests.swift in Sources */ = {isa = PBXBuildFile; fileRef = 1E951ED02C460E6000B74666 /* AuthenticationTestAppUITests.swift */; };
		1E951ED32C460E6000B74666 /* AuthenticationTestAppUITestsLaunchTests.swift in Sources */ = {isa = PBXBuildFile; fileRef = 1E951ED22C460E6000B74666 /* AuthenticationTestAppUITestsLaunchTests.swift */; };
		1E951EE32C460EB500B74666 /* FirebaseAnalytics in Frameworks */ = {isa = PBXBuildFile; productRef = 1E951EE22C460EB500B74666 /* FirebaseAnalytics */; };
		1E951EE52C460EB500B74666 /* FirebaseAuth in Frameworks */ = {isa = PBXBuildFile; productRef = 1E951EE42C460EB500B74666 /* FirebaseAuth */; };
		1E951EE72C46107200B74666 /* FirebaseFirestore in Frameworks */ = {isa = PBXBuildFile; productRef = 1E951EE62C46107200B74666 /* FirebaseFirestore */; };
		1E951EE92C478E5700B74666 /* GoogleService-Info.plist in Resources */ = {isa = PBXBuildFile; fileRef = 1E951EE82C478E5600B74666 /* GoogleService-Info.plist */; };
		1E951EEB2C48D89C00B74666 /* FirstView.storyboard in Resources */ = {isa = PBXBuildFile; fileRef = 1E951EEA2C48D89C00B74666 /* FirstView.storyboard */; };
		1E951EED2C48D8B100B74666 /* FirstViewController.swift in Sources */ = {isa = PBXBuildFile; fileRef = 1E951EEC2C48D8B100B74666 /* FirstViewController.swift */; };
/* End PBXBuildFile section */

/* Begin PBXContainerItemProxy section */
		1E951EC32C460E6000B74666 /* PBXContainerItemProxy */ = {
			isa = PBXContainerItemProxy;
			containerPortal = 1E951EA42C460E5E00B74666 /* Project object */;
			proxyType = 1;
			remoteGlobalIDString = 1E951EAB2C460E5E00B74666;
			remoteInfo = AuthenticationTestApp;
		};
		1E951ECD2C460E6000B74666 /* PBXContainerItemProxy */ = {
			isa = PBXContainerItemProxy;
			containerPortal = 1E951EA42C460E5E00B74666 /* Project object */;
			proxyType = 1;
			remoteGlobalIDString = 1E951EAB2C460E5E00B74666;
			remoteInfo = AuthenticationTestApp;
		};
/* End PBXContainerItemProxy section */

/* Begin PBXFileReference section */
		1E951EAC2C460E5E00B74666 /* AuthenticationTestApp.app */ = {isa = PBXFileReference; explicitFileType = wrapper.application; includeInIndex = 0; path = AuthenticationTestApp.app; sourceTree = BUILT_PRODUCTS_DIR; };
		1E951EAF2C460E5E00B74666 /* AppDelegate.swift */ = {isa = PBXFileReference; lastKnownFileType = sourcecode.swift; path = AppDelegate.swift; sourceTree = "<group>"; };
		1E951EB12C460E5E00B74666 /* SceneDelegate.swift */ = {isa = PBXFileReference; lastKnownFileType = sourcecode.swift; path = SceneDelegate.swift; sourceTree = "<group>"; };
		1E951EB32C460E5E00B74666 /* ViewController.swift */ = {isa = PBXFileReference; lastKnownFileType = sourcecode.swift; path = ViewController.swift; sourceTree = "<group>"; };
		1E951EB62C460E5E00B74666 /* Base */ = {isa = PBXFileReference; lastKnownFileType = file.storyboard; name = Base; path = Base.lproj/Main.storyboard; sourceTree = "<group>"; };
		1E951EB82C460E6000B74666 /* Assets.xcassets */ = {isa = PBXFileReference; lastKnownFileType = folder.assetcatalog; path = Assets.xcassets; sourceTree = "<group>"; };
		1E951EBB2C460E6000B74666 /* Base */ = {isa = PBXFileReference; lastKnownFileType = file.storyboard; name = Base; path = Base.lproj/LaunchScreen.storyboard; sourceTree = "<group>"; };
		1E951EBD2C460E6000B74666 /* Info.plist */ = {isa = PBXFileReference; lastKnownFileType = text.plist.xml; path = Info.plist; sourceTree = "<group>"; };
		1E951EC22C460E6000B74666 /* AuthenticationTestAppTests.xctest */ = {isa = PBXFileReference; explicitFileType = wrapper.cfbundle; includeInIndex = 0; path = AuthenticationTestAppTests.xctest; sourceTree = BUILT_PRODUCTS_DIR; };
		1E951EC62C460E6000B74666 /* AuthenticationTestAppTests.swift */ = {isa = PBXFileReference; lastKnownFileType = sourcecode.swift; path = AuthenticationTestAppTests.swift; sourceTree = "<group>"; };
		1E951ECC2C460E6000B74666 /* AuthenticationTestAppUITests.xctest */ = {isa = PBXFileReference; explicitFileType = wrapper.cfbundle; includeInIndex = 0; path = AuthenticationTestAppUITests.xctest; sourceTree = BUILT_PRODUCTS_DIR; };
		1E951ED02C460E6000B74666 /* AuthenticationTestAppUITests.swift */ = {isa = PBXFileReference; lastKnownFileType = sourcecode.swift; path = AuthenticationTestAppUITests.swift; sourceTree = "<group>"; };
		1E951ED22C460E6000B74666 /* AuthenticationTestAppUITestsLaunchTests.swift */ = {isa = PBXFileReference; lastKnownFileType = sourcecode.swift; path = AuthenticationTestAppUITestsLaunchTests.swift; sourceTree = "<group>"; };
		1E951EE82C478E5600B74666 /* GoogleService-Info.plist */ = {isa = PBXFileReference; lastKnownFileType = text.plist; name = "GoogleService-Info.plist"; path = "../../../../Downloads/GoogleService-Info.plist"; sourceTree = "<group>"; };
		1E951EEA2C48D89C00B74666 /* FirstView.storyboard */ = {isa = PBXFileReference; lastKnownFileType = file.storyboard; path = FirstView.storyboard; sourceTree = "<group>"; };
		1E951EEC2C48D8B100B74666 /* FirstViewController.swift */ = {isa = PBXFileReference; lastKnownFileType = sourcecode.swift; path = FirstViewController.swift; sourceTree = "<group>"; };
/* End PBXFileReference section */

/* Begin PBXFrameworksBuildPhase section */
		1E951EA92C460E5E00B74666 /* Frameworks */ = {
			isa = PBXFrameworksBuildPhase;
			buildActionMask = 2147483647;
			files = (
				1E951EE32C460EB500B74666 /* FirebaseAnalytics in Frameworks */,
				1E951EE52C460EB500B74666 /* FirebaseAuth in Frameworks */,
				1E951EE72C46107200B74666 /* FirebaseFirestore in Frameworks */,
			);
			runOnlyForDeploymentPostprocessing = 0;
		};
		1E951EBF2C460E6000B74666 /* Frameworks */ = {
			isa = PBXFrameworksBuildPhase;
			buildActionMask = 2147483647;
			files = (
			);
			runOnlyForDeploymentPostprocessing = 0;
		};
		1E951EC92C460E6000B74666 /* Frameworks */ = {
			isa = PBXFrameworksBuildPhase;
			buildActionMask = 2147483647;
			files = (
			);
			runOnlyForDeploymentPostprocessing = 0;
		};
/* End PBXFrameworksBuildPhase section */

/* Begin PBXGroup section */
		1E951EA32C460E5E00B74666 = {
			isa = PBXGroup;
			children = (
				1E951EAE2C460E5E00B74666 /* AuthenticationTestApp */,
				1E951EC52C460E6000B74666 /* AuthenticationTestAppTests */,
				1E951ECF2C460E6000B74666 /* AuthenticationTestAppUITests */,
				1E951EAD2C460E5E00B74666 /* Products */,
			);
			sourceTree = "<group>";
		};
		1E951EAD2C460E5E00B74666 /* Products */ = {
			isa = PBXGroup;
			children = (
				1E951EAC2C460E5E00B74666 /* AuthenticationTestApp.app */,
				1E951EC22C460E6000B74666 /* AuthenticationTestAppTests.xctest */,
				1E951ECC2C460E6000B74666 /* AuthenticationTestAppUITests.xctest */,
			);
			name = Products;
			sourceTree = "<group>";
		};
		1E951EAE2C460E5E00B74666 /* AuthenticationTestApp */ = {
			isa = PBXGroup;
			children = (
				1E951EAF2C460E5E00B74666 /* AppDelegate.swift */,
				1E951EB12C460E5E00B74666 /* SceneDelegate.swift */,
				1E951EB32C460E5E00B74666 /* ViewController.swift */,
				1E951EEC2C48D8B100B74666 /* FirstViewController.swift */,
				1E951EB52C460E5E00B74666 /* Main.storyboard */,
				1E951EEA2C48D89C00B74666 /* FirstView.storyboard */,
				1E951EB82C460E6000B74666 /* Assets.xcassets */,
				1E951EBA2C460E6000B74666 /* LaunchScreen.storyboard */,
				1E951EBD2C460E6000B74666 /* Info.plist */,
				1E951EE82C478E5600B74666 /* GoogleService-Info.plist */,
			);
			path = AuthenticationTestApp;
			sourceTree = "<group>";
		};
		1E951EC52C460E6000B74666 /* AuthenticationTestAppTests */ = {
			isa = PBXGroup;
			children = (
				1E951EC62C460E6000B74666 /* AuthenticationTestAppTests.swift */,
			);
			path = AuthenticationTestAppTests;
			sourceTree = "<group>";
		};
		1E951ECF2C460E6000B74666 /* AuthenticationTestAppUITests */ = {
			isa = PBXGroup;
			children = (
				1E951ED02C460E6000B74666 /* AuthenticationTestAppUITests.swift */,
				1E951ED22C460E6000B74666 /* AuthenticationTestAppUITestsLaunchTests.swift */,
			);
			path = AuthenticationTestAppUITests;
			sourceTree = "<group>";
		};
/* End PBXGroup section */

/* Begin PBXNativeTarget section */
		1E951EAB2C460E5E00B74666 /* AuthenticationTestApp */ = {
			isa = PBXNativeTarget;
			buildConfigurationList = 1E951ED62C460E6000B74666 /* Build configuration list for PBXNativeTarget "AuthenticationTestApp" */;
			buildPhases = (
				1E951EA82C460E5E00B74666 /* Sources */,
				1E951EA92C460E5E00B74666 /* Frameworks */,
				1E951EAA2C460E5E00B74666 /* Resources */,
			);
			buildRules = (
			);
			dependencies = (
			);
			name = AuthenticationTestApp;
			packageProductDependencies = (
				1E951EE22C460EB500B74666 /* FirebaseAnalytics */,
				1E951EE42C460EB500B74666 /* FirebaseAuth */,
				1E951EE62C46107200B74666 /* FirebaseFirestore */,
			);
			productName = AuthenticationTestApp;
			productReference = 1E951EAC2C460E5E00B74666 /* AuthenticationTestApp.app */;
			productType = "com.apple.product-type.application";
		};
		1E951EC12C460E6000B74666 /* AuthenticationTestAppTests */ = {
			isa = PBXNativeTarget;
			buildConfigurationList = 1E951ED92C460E6000B74666 /* Build configuration list for PBXNativeTarget "AuthenticationTestAppTests" */;
			buildPhases = (
				1E951EBE2C460E6000B74666 /* Sources */,
				1E951EBF2C460E6000B74666 /* Frameworks */,
				1E951EC02C460E6000B74666 /* Resources */,
			);
			buildRules = (
			);
			dependencies = (
				1E951EC42C460E6000B74666 /* PBXTargetDependency */,
			);
			name = AuthenticationTestAppTests;
			productName = AuthenticationTestAppTests;
			productReference = 1E951EC22C460E6000B74666 /* AuthenticationTestAppTests.xctest */;
			productType = "com.apple.product-type.bundle.unit-test";
		};
		1E951ECB2C460E6000B74666 /* AuthenticationTestAppUITests */ = {
			isa = PBXNativeTarget;
			buildConfigurationList = 1E951EDC2C460E6000B74666 /* Build configuration list for PBXNativeTarget "AuthenticationTestAppUITests" */;
			buildPhases = (
				1E951EC82C460E6000B74666 /* Sources */,
				1E951EC92C460E6000B74666 /* Frameworks */,
				1E951ECA2C460E6000B74666 /* Resources */,
			);
			buildRules = (
			);
			dependencies = (
				1E951ECE2C460E6000B74666 /* PBXTargetDependency */,
			);
			name = AuthenticationTestAppUITests;
			productName = AuthenticationTestAppUITests;
			productReference = 1E951ECC2C460E6000B74666 /* AuthenticationTestAppUITests.xctest */;
			productType = "com.apple.product-type.bundle.ui-testing";
		};
/* End PBXNativeTarget section */

/* Begin PBXProject section */
		1E951EA42C460E5E00B74666 /* Project object */ = {
			isa = PBXProject;
			attributes = {
				BuildIndependentTargetsInParallel = 1;
				LastSwiftUpdateCheck = 1540;
				LastUpgradeCheck = 1540;
				TargetAttributes = {
					1E951EAB2C460E5E00B74666 = {
						CreatedOnToolsVersion = 15.4;
					};
					1E951EC12C460E6000B74666 = {
						CreatedOnToolsVersion = 15.4;
						TestTargetID = 1E951EAB2C460E5E00B74666;
					};
					1E951ECB2C460E6000B74666 = {
						CreatedOnToolsVersion = 15.4;
						TestTargetID = 1E951EAB2C460E5E00B74666;
					};
				};
			};
			buildConfigurationList = 1E951EA72C460E5E00B74666 /* Build configuration list for PBXProject "AuthenticationTestApp" */;
			compatibilityVersion = "Xcode 14.0";
			developmentRegion = en;
			hasScannedForEncodings = 0;
			knownRegions = (
				en,
				Base,
			);
			mainGroup = 1E951EA32C460E5E00B74666;
			packageReferences = (
				1E951EE12C460EB400B74666 /* XCRemoteSwiftPackageReference "firebase-ios-sdk" */,
			);
			productRefGroup = 1E951EAD2C460E5E00B74666 /* Products */;
			projectDirPath = "";
			projectRoot = "";
			targets = (
				1E951EAB2C460E5E00B74666 /* AuthenticationTestApp */,
				1E951EC12C460E6000B74666 /* AuthenticationTestAppTests */,
				1E951ECB2C460E6000B74666 /* AuthenticationTestAppUITests */,
			);
		};
/* End PBXProject section */

/* Begin PBXResourcesBuildPhase section */
		1E951EAA2C460E5E00B74666 /* Resources */ = {
			isa = PBXResourcesBuildPhase;
			buildActionMask = 2147483647;
			files = (
				1E951EB92C460E6000B74666 /* Assets.xcassets in Resources */,
				1E951EE92C478E5700B74666 /* GoogleService-Info.plist in Resources */,
				1E951EEB2C48D89C00B74666 /* FirstView.storyboard in Resources */,
				1E951EBC2C460E6000B74666 /* Base in Resources */,
				1E951EB72C460E5E00B74666 /* Base in Resources */,
			);
			runOnlyForDeploymentPostprocessing = 0;
		};
		1E951EC02C460E6000B74666 /* Resources */ = {
			isa = PBXResourcesBuildPhase;
			buildActionMask = 2147483647;
			files = (
			);
			runOnlyForDeploymentPostprocessing = 0;
		};
		1E951ECA2C460E6000B74666 /* Resources */ = {
			isa = PBXResourcesBuildPhase;
			buildActionMask = 2147483647;
			files = (
			);
			runOnlyForDeploymentPostprocessing = 0;
		};
/* End PBXResourcesBuildPhase section */

/* Begin PBXSourcesBuildPhase section */
		1E951EA82C460E5E00B74666 /* Sources */ = {
			isa = PBXSourcesBuildPhase;
			buildActionMask = 2147483647;
			files = (
				1E951EB42C460E5E00B74666 /* ViewController.swift in Sources */,
				1E951EB02C460E5E00B74666 /* AppDelegate.swift in Sources */,
				1E951EB22C460E5E00B74666 /* SceneDelegate.swift in Sources */,
				1E951EED2C48D8B100B74666 /* FirstViewController.swift in Sources */,
			);
			runOnlyForDeploymentPostprocessing = 0;
		};
		1E951EBE2C460E6000B74666 /* Sources */ = {
			isa = PBXSourcesBuildPhase;
			buildActionMask = 2147483647;
			files = (
				1E951EC72C460E6000B74666 /* AuthenticationTestAppTests.swift in Sources */,
			);
			runOnlyForDeploymentPostprocessing = 0;
		};
		1E951EC82C460E6000B74666 /* Sources */ = {
			isa = PBXSourcesBuildPhase;
			buildActionMask = 2147483647;
			files = (
				1E951ED32C460E6000B74666 /* AuthenticationTestAppUITestsLaunchTests.swift in Sources */,
				1E951ED12C460E6000B74666 /* AuthenticationTestAppUITests.swift in Sources */,
			);
			runOnlyForDeploymentPostprocessing = 0;
		};
/* End PBXSourcesBuildPhase section */

/* Begin PBXTargetDependency section */
		1E951EC42C460E6000B74666 /* PBXTargetDependency */ = {
			isa = PBXTargetDependency;
			target = 1E951EAB2C460E5E00B74666 /* AuthenticationTestApp */;
			targetProxy = 1E951EC32C460E6000B74666 /* PBXContainerItemProxy */;
		};
		1E951ECE2C460E6000B74666 /* PBXTargetDependency */ = {
			isa = PBXTargetDependency;
			target = 1E951EAB2C460E5E00B74666 /* AuthenticationTestApp */;
			targetProxy = 1E951ECD2C460E6000B74666 /* PBXContainerItemProxy */;
		};
/* End PBXTargetDependency section */

/* Begin PBXVariantGroup section */
		1E951EB52C460E5E00B74666 /* Main.storyboard */ = {
			isa = PBXVariantGroup;
			children = (
				1E951EB62C460E5E00B74666 /* Base */,
			);
			name = Main.storyboard;
			sourceTree = "<group>";
		};
		1E951EBA2C460E6000B74666 /* LaunchScreen.storyboard */ = {
			isa = PBXVariantGroup;
			children = (
				1E951EBB2C460E6000B74666 /* Base */,
			);
			name = LaunchScreen.storyboard;
			sourceTree = "<group>";
		};
/* End PBXVariantGroup section */

/* Begin XCBuildConfiguration section */
		1E951ED42C460E6000B74666 /* Debug */ = {
			isa = XCBuildConfiguration;
			buildSettings = {
				ALWAYS_SEARCH_USER_PATHS = NO;
				ASSETCATALOG_COMPILER_GENERATE_SWIFT_ASSET_SYMBOL_EXTENSIONS = YES;
				CLANG_ANALYZER_NONNULL = YES;
				CLANG_ANALYZER_NUMBER_OBJECT_CONVERSION = YES_AGGRESSIVE;
				CLANG_CXX_LANGUAGE_STANDARD = "gnu++20";
				CLANG_ENABLE_MODULES = YES;
				CLANG_ENABLE_OBJC_ARC = YES;
				CLANG_ENABLE_OBJC_WEAK = YES;
				CLANG_WARN_BLOCK_CAPTURE_AUTORELEASING = YES;
				CLANG_WARN_BOOL_CONVERSION = YES;
				CLANG_WARN_COMMA = YES;
				CLANG_WARN_CONSTANT_CONVERSION = YES;
				CLANG_WARN_DEPRECATED_OBJC_IMPLEMENTATIONS = YES;
				CLANG_WARN_DIRECT_OBJC_ISA_USAGE = YES_ERROR;
				CLANG_WARN_DOCUMENTATION_COMMENTS = YES;
				CLANG_WARN_EMPTY_BODY = YES;
				CLANG_WARN_ENUM_CONVERSION = YES;
				CLANG_WARN_INFINITE_RECURSION = YES;
				CLANG_WARN_INT_CONVERSION = YES;
				CLANG_WARN_NON_LITERAL_NULL_CONVERSION = YES;
				CLANG_WARN_OBJC_IMPLICIT_RETAIN_SELF = YES;
				CLANG_WARN_OBJC_LITERAL_CONVERSION = YES;
				CLANG_WARN_OBJC_ROOT_CLASS = YES_ERROR;
				CLANG_WARN_QUOTED_INCLUDE_IN_FRAMEWORK_HEADER = YES;
				CLANG_WARN_RANGE_LOOP_ANALYSIS = YES;
				CLANG_WARN_STRICT_PROTOTYPES = YES;
				CLANG_WARN_SUSPICIOUS_MOVE = YES;
				CLANG_WARN_UNGUARDED_AVAILABILITY = YES_AGGRESSIVE;
				CLANG_WARN_UNREACHABLE_CODE = YES;
				CLANG_WARN__DUPLICATE_METHOD_MATCH = YES;
				COPY_PHASE_STRIP = NO;
				DEBUG_INFORMATION_FORMAT = dwarf;
				ENABLE_STRICT_OBJC_MSGSEND = YES;
				ENABLE_TESTABILITY = YES;
				ENABLE_USER_SCRIPT_SANDBOXING = YES;
				GCC_C_LANGUAGE_STANDARD = gnu17;
				GCC_DYNAMIC_NO_PIC = NO;
				GCC_NO_COMMON_BLOCKS = YES;
				GCC_OPTIMIZATION_LEVEL = 0;
				GCC_PREPROCESSOR_DEFINITIONS = (
					"DEBUG=1",
					"$(inherited)",
				);
				GCC_WARN_64_TO_32_BIT_CONVERSION = YES;
				GCC_WARN_ABOUT_RETURN_TYPE = YES_ERROR;
				GCC_WARN_UNDECLARED_SELECTOR = YES;
				GCC_WARN_UNINITIALIZED_AUTOS = YES_AGGRESSIVE;
				GCC_WARN_UNUSED_FUNCTION = YES;
				GCC_WARN_UNUSED_VARIABLE = YES;
				IPHONEOS_DEPLOYMENT_TARGET = 17.5;
				LOCALIZATION_PREFERS_STRING_CATALOGS = YES;
				MTL_ENABLE_DEBUG_INFO = INCLUDE_SOURCE;
				MTL_FAST_MATH = YES;
				ONLY_ACTIVE_ARCH = YES;
				SDKROOT = iphoneos;
				SWIFT_ACTIVE_COMPILATION_CONDITIONS = "DEBUG $(inherited)";
				SWIFT_OPTIMIZATION_LEVEL = "-Onone";
			};
			name = Debug;
		};
		1E951ED52C460E6000B74666 /* Release */ = {
			isa = XCBuildConfiguration;
			buildSettings = {
				ALWAYS_SEARCH_USER_PATHS = NO;
				ASSETCATALOG_COMPILER_GENERATE_SWIFT_ASSET_SYMBOL_EXTENSIONS = YES;
				CLANG_ANALYZER_NONNULL = YES;
				CLANG_ANALYZER_NUMBER_OBJECT_CONVERSION = YES_AGGRESSIVE;
				CLANG_CXX_LANGUAGE_STANDARD = "gnu++20";
				CLANG_ENABLE_MODULES = YES;
				CLANG_ENABLE_OBJC_ARC = YES;
				CLANG_ENABLE_OBJC_WEAK = YES;
				CLANG_WARN_BLOCK_CAPTURE_AUTORELEASING = YES;
				CLANG_WARN_BOOL_CONVERSION = YES;
				CLANG_WARN_COMMA = YES;
				CLANG_WARN_CONSTANT_CONVERSION = YES;
				CLANG_WARN_DEPRECATED_OBJC_IMPLEMENTATIONS = YES;
				CLANG_WARN_DIRECT_OBJC_ISA_USAGE = YES_ERROR;
				CLANG_WARN_DOCUMENTATION_COMMENTS = YES;
				CLANG_WARN_EMPTY_BODY = YES;
				CLANG_WARN_ENUM_CONVERSION = YES;
				CLANG_WARN_INFINITE_RECURSION = YES;
				CLANG_WARN_INT_CONVERSION = YES;
				CLANG_WARN_NON_LITERAL_NULL_CONVERSION = YES;
				CLANG_WARN_OBJC_IMPLICIT_RETAIN_SELF = YES;
				CLANG_WARN_OBJC_LITERAL_CONVERSION = YES;
				CLANG_WARN_OBJC_ROOT_CLASS = YES_ERROR;
				CLANG_WARN_QUOTED_INCLUDE_IN_FRAMEWORK_HEADER = YES;
				CLANG_WARN_RANGE_LOOP_ANALYSIS = YES;
				CLANG_WARN_STRICT_PROTOTYPES = YES;
				CLANG_WARN_SUSPICIOUS_MOVE = YES;
				CLANG_WARN_UNGUARDED_AVAILABILITY = YES_AGGRESSIVE;
				CLANG_WARN_UNREACHABLE_CODE = YES;
				CLANG_WARN__DUPLICATE_METHOD_MATCH = YES;
				COPY_PHASE_STRIP = NO;
				DEBUG_INFORMATION_FORMAT = "dwarf-with-dsym";
				ENABLE_NS_ASSERTIONS = NO;
				ENABLE_STRICT_OBJC_MSGSEND = YES;
				ENABLE_USER_SCRIPT_SANDBOXING = YES;
				GCC_C_LANGUAGE_STANDARD = gnu17;
				GCC_NO_COMMON_BLOCKS = YES;
				GCC_WARN_64_TO_32_BIT_CONVERSION = YES;
				GCC_WARN_ABOUT_RETURN_TYPE = YES_ERROR;
				GCC_WARN_UNDECLARED_SELECTOR = YES;
				GCC_WARN_UNINITIALIZED_AUTOS = YES_AGGRESSIVE;
				GCC_WARN_UNUSED_FUNCTION = YES;
				GCC_WARN_UNUSED_VARIABLE = YES;
				IPHONEOS_DEPLOYMENT_TARGET = 17.5;
				LOCALIZATION_PREFERS_STRING_CATALOGS = YES;
				MTL_ENABLE_DEBUG_INFO = NO;
				MTL_FAST_MATH = YES;
				SDKROOT = iphoneos;
				SWIFT_COMPILATION_MODE = wholemodule;
				VALIDATE_PRODUCT = YES;
			};
			name = Release;
		};
		1E951ED72C460E6000B74666 /* Debug */ = {
			isa = XCBuildConfiguration;
			buildSettings = {
				ASSETCATALOG_COMPILER_APPICON_NAME = AppIcon;
				ASSETCATALOG_COMPILER_GLOBAL_ACCENT_COLOR_NAME = AccentColor;
				CODE_SIGN_STYLE = Automatic;
				CURRENT_PROJECT_VERSION = 1;
				DEVELOPMENT_TEAM = 3J8CXP9GNA;
				GENERATE_INFOPLIST_FILE = YES;
				INFOPLIST_FILE = AuthenticationTestApp/Info.plist;
				INFOPLIST_KEY_UIApplicationSupportsIndirectInputEvents = YES;
				INFOPLIST_KEY_UILaunchStoryboardName = LaunchScreen;
				INFOPLIST_KEY_UIMainStoryboardFile = Main;
				INFOPLIST_KEY_UISupportedInterfaceOrientations_iPad = "UIInterfaceOrientationPortrait UIInterfaceOrientationPortraitUpsideDown UIInterfaceOrientationLandscapeLeft UIInterfaceOrientationLandscapeRight";
				INFOPLIST_KEY_UISupportedInterfaceOrientations_iPhone = "UIInterfaceOrientationPortrait UIInterfaceOrientationLandscapeLeft UIInterfaceOrientationLandscapeRight";
				LD_RUNPATH_SEARCH_PATHS = (
					"$(inherited)",
					"@executable_path/Frameworks",
				);
				MARKETING_VERSION = 1.0;
				PRODUCT_BUNDLE_IDENTIFIER = jp.yoshihara.AuthenticationTestApp;
				PRODUCT_NAME = "$(TARGET_NAME)";
				SWIFT_EMIT_LOC_STRINGS = YES;
				SWIFT_VERSION = 5.0;
				TARGETED_DEVICE_FAMILY = "1,2";
			};
			name = Debug;
		};
		1E951ED82C460E6000B74666 /* Release */ = {
			isa = XCBuildConfiguration;
			buildSettings = {
				ASSETCATALOG_COMPILER_APPICON_NAME = AppIcon;
				ASSETCATALOG_COMPILER_GLOBAL_ACCENT_COLOR_NAME = AccentColor;
				CODE_SIGN_STYLE = Automatic;
				CURRENT_PROJECT_VERSION = 1;
				DEVELOPMENT_TEAM = 3J8CXP9GNA;
				GENERATE_INFOPLIST_FILE = YES;
				INFOPLIST_FILE = AuthenticationTestApp/Info.plist;
				INFOPLIST_KEY_UIApplicationSupportsIndirectInputEvents = YES;
				INFOPLIST_KEY_UILaunchStoryboardName = LaunchScreen;
				INFOPLIST_KEY_UIMainStoryboardFile = Main;
				INFOPLIST_KEY_UISupportedInterfaceOrientations_iPad = "UIInterfaceOrientationPortrait UIInterfaceOrientationPortraitUpsideDown UIInterfaceOrientationLandscapeLeft UIInterfaceOrientationLandscapeRight";
				INFOPLIST_KEY_UISupportedInterfaceOrientations_iPhone = "UIInterfaceOrientationPortrait UIInterfaceOrientationLandscapeLeft UIInterfaceOrientationLandscapeRight";
				LD_RUNPATH_SEARCH_PATHS = (
					"$(inherited)",
					"@executable_path/Frameworks",
				);
				MARKETING_VERSION = 1.0;
				PRODUCT_BUNDLE_IDENTIFIER = jp.yoshihara.AuthenticationTestApp;
				PRODUCT_NAME = "$(TARGET_NAME)";
				SWIFT_EMIT_LOC_STRINGS = YES;
				SWIFT_VERSION = 5.0;
				TARGETED_DEVICE_FAMILY = "1,2";
			};
			name = Release;
		};
		1E951EDA2C460E6000B74666 /* Debug */ = {
			isa = XCBuildConfiguration;
			buildSettings = {
				ALWAYS_EMBED_SWIFT_STANDARD_LIBRARIES = YES;
				BUNDLE_LOADER = "$(TEST_HOST)";
				CODE_SIGN_STYLE = Automatic;
				CURRENT_PROJECT_VERSION = 1;
				DEVELOPMENT_TEAM = 3J8CXP9GNA;
				GENERATE_INFOPLIST_FILE = YES;
				IPHONEOS_DEPLOYMENT_TARGET = 17.5;
				MARKETING_VERSION = 1.0;
				PRODUCT_BUNDLE_IDENTIFIER = jp.yoshihara.AuthenticationTestAppTests;
				PRODUCT_NAME = "$(TARGET_NAME)";
				SWIFT_EMIT_LOC_STRINGS = NO;
				SWIFT_VERSION = 5.0;
				TARGETED_DEVICE_FAMILY = "1,2";
				TEST_HOST = "$(BUILT_PRODUCTS_DIR)/AuthenticationTestApp.app/$(BUNDLE_EXECUTABLE_FOLDER_PATH)/AuthenticationTestApp";
			};
			name = Debug;
		};
		1E951EDB2C460E6000B74666 /* Release */ = {
			isa = XCBuildConfiguration;
			buildSettings = {
				ALWAYS_EMBED_SWIFT_STANDARD_LIBRARIES = YES;
				BUNDLE_LOADER = "$(TEST_HOST)";
				CODE_SIGN_STYLE = Automatic;
				CURRENT_PROJECT_VERSION = 1;
				DEVELOPMENT_TEAM = 3J8CXP9GNA;
				GENERATE_INFOPLIST_FILE = YES;
				IPHONEOS_DEPLOYMENT_TARGET = 17.5;
				MARKETING_VERSION = 1.0;
				PRODUCT_BUNDLE_IDENTIFIER = jp.yoshihara.AuthenticationTestAppTests;
				PRODUCT_NAME = "$(TARGET_NAME)";
				SWIFT_EMIT_LOC_STRINGS = NO;
				SWIFT_VERSION = 5.0;
				TARGETED_DEVICE_FAMILY = "1,2";
				TEST_HOST = "$(BUILT_PRODUCTS_DIR)/AuthenticationTestApp.app/$(BUNDLE_EXECUTABLE_FOLDER_PATH)/AuthenticationTestApp";
			};
			name = Release;
		};
		1E951EDD2C460E6000B74666 /* Debug */ = {
			isa = XCBuildConfiguration;
			buildSettings = {
				ALWAYS_EMBED_SWIFT_STANDARD_LIBRARIES = YES;
				CODE_SIGN_STYLE = Automatic;
				CURRENT_PROJECT_VERSION = 1;
				DEVELOPMENT_TEAM = 3J8CXP9GNA;
				GENERATE_INFOPLIST_FILE = YES;
				MARKETING_VERSION = 1.0;
				PRODUCT_BUNDLE_IDENTIFIER = jp.yoshihara.AuthenticationTestAppUITests;
				PRODUCT_NAME = "$(TARGET_NAME)";
				SWIFT_EMIT_LOC_STRINGS = NO;
				SWIFT_VERSION = 5.0;
				TARGETED_DEVICE_FAMILY = "1,2";
				TEST_TARGET_NAME = AuthenticationTestApp;
			};
			name = Debug;
		};
		1E951EDE2C460E6000B74666 /* Release */ = {
			isa = XCBuildConfiguration;
			buildSettings = {
				ALWAYS_EMBED_SWIFT_STANDARD_LIBRARIES = YES;
				CODE_SIGN_STYLE = Automatic;
				CURRENT_PROJECT_VERSION = 1;
				DEVELOPMENT_TEAM = 3J8CXP9GNA;
				GENERATE_INFOPLIST_FILE = YES;
				MARKETING_VERSION = 1.0;
				PRODUCT_BUNDLE_IDENTIFIER = jp.yoshihara.AuthenticationTestAppUITests;
				PRODUCT_NAME = "$(TARGET_NAME)";
				SWIFT_EMIT_LOC_STRINGS = NO;
				SWIFT_VERSION = 5.0;
				TARGETED_DEVICE_FAMILY = "1,2";
				TEST_TARGET_NAME = AuthenticationTestApp;
			};
			name = Release;
		};
/* End XCBuildConfiguration section */

/* Begin XCConfigurationList section */
		1E951EA72C460E5E00B74666 /* Build configuration list for PBXProject "AuthenticationTestApp" */ = {
			isa = XCConfigurationList;
			buildConfigurations = (
				1E951ED42C460E6000B74666 /* Debug */,
				1E951ED52C460E6000B74666 /* Release */,
			);
			defaultConfigurationIsVisible = 0;
			defaultConfigurationName = Release;
		};
		1E951ED62C460E6000B74666 /* Build configuration list for PBXNativeTarget "AuthenticationTestApp" */ = {
			isa = XCConfigurationList;
			buildConfigurations = (
				1E951ED72C460E6000B74666 /* Debug */,
				1E951ED82C460E6000B74666 /* Release */,
			);
			defaultConfigurationIsVisible = 0;
			defaultConfigurationName = Release;
		};
		1E951ED92C460E6000B74666 /* Build configuration list for PBXNativeTarget "AuthenticationTestAppTests" */ = {
			isa = XCConfigurationList;
			buildConfigurations = (
				1E951EDA2C460E6000B74666 /* Debug */,
				1E951EDB2C460E6000B74666 /* Release */,
			);
			defaultConfigurationIsVisible = 0;
			defaultConfigurationName = Release;
		};
		1E951EDC2C460E6000B74666 /* Build configuration list for PBXNativeTarget "AuthenticationTestAppUITests" */ = {
			isa = XCConfigurationList;
			buildConfigurations = (
				1E951EDD2C460E6000B74666 /* Debug */,
				1E951EDE2C460E6000B74666 /* Release */,
			);
			defaultConfigurationIsVisible = 0;
			defaultConfigurationName = Release;
		};
/* End XCConfigurationList section */

/* Begin XCRemoteSwiftPackageReference section */
		1E951EE12C460EB400B74666 /* XCRemoteSwiftPackageReference "firebase-ios-sdk" */ = {
			isa = XCRemoteSwiftPackageReference;
			repositoryURL = "https://github.com/firebase/firebase-ios-sdk";
			requirement = {
				kind = upToNextMajorVersion;
				minimumVersion = 10.29.0;
			};
		};
/* End XCRemoteSwiftPackageReference section */

/* Begin XCSwiftPackageProductDependency section */
		1E951EE22C460EB500B74666 /* FirebaseAnalytics */ = {
			isa = XCSwiftPackageProductDependency;
			package = 1E951EE12C460EB400B74666 /* XCRemoteSwiftPackageReference "firebase-ios-sdk" */;
			productName = FirebaseAnalytics;
		};
		1E951EE42C460EB500B74666 /* FirebaseAuth */ = {
			isa = XCSwiftPackageProductDependency;
			package = 1E951EE12C460EB400B74666 /* XCRemoteSwiftPackageReference "firebase-ios-sdk" */;
			productName = FirebaseAuth;
		};
		1E951EE62C46107200B74666 /* FirebaseFirestore */ = {
			isa = XCSwiftPackageProductDependency;
			package = 1E951EE12C460EB400B74666 /* XCRemoteSwiftPackageReference "firebase-ios-sdk" */;
			productName = FirebaseFirestore;
		};
/* End XCSwiftPackageProductDependency section */
	};
	rootObject = 1E951EA42C460E5E00B74666 /* Project object */;
}
